
Microsoft Visual Studio Solution File, Format Version 12.00
# Visual Studio Version 17
VisualStudioVersion = 17.13.35931.197 d17.13
MinimumVisualStudioVersion = 10.0.40219.1
Project("{FAE04EC0-301F-11D3-BF4B-00C04F79EFBC}") = "SalesCet95.Web", "SalesCet95.Web\SalesCet95.Web.csproj", "{EB972FDC-F444-49AC-92BE-C785639ECF8A}"
EndProject
Global
	GlobalSection(SolutionConfigurationPlatforms) = preSolution
		Debug|Any CPU = Debug|Any CPU
		Release|Any CPU = Release|Any CPU
	EndGlobalSection
	GlobalSection(ProjectConfigurationPlatforms) = postSolution
		{EB972FDC-F444-49AC-92BE-C785639ECF8A}.Debug|Any CPU.ActiveCfg = Debug|Any CPU
		{EB972FDC-F444-49AC-92BE-C785639ECF8A}.Debug|Any CPU.Build.0 = Debug|Any CPU
		{EB972FDC-F444-49AC-92BE-C785639ECF8A}.Release|Any CPU.ActiveCfg = Release|Any CPU
		{EB972FDC-F444-49AC-92BE-C785639ECF8A}.Release|Any CPU.Build.0 = Release|Any CPU
	EndGlobalSection
	GlobalSection(SolutionProperties) = preSolution
		HideSolutionNode = FALSE
	EndGlobalSection
	GlobalSection(ExtensibilityGlobals) = postSolution
		SolutionGuid = {F3DE2D4B-ECE8-4445-AA6A-969936BE02AE}
	EndGlobalSection
EndGlobal
